# THIS IS AN AUTOGENERATED FILE. DO NOT EDIT THIS FILE DIRECTLY.
# yarn lockfile v1


browser-image-compression@^1.0.12:
  version "1.0.12"
  resolved "https://registry.yarnpkg.com/browser-image-compression/-/browser-image-compression-1.0.12.tgz#ab485f89086a1176e61972a1044aa8d132f4ad89"
  integrity sha512-lmKeY7PLGo4Mk5jFdiEMQ4b7sNefPhYnU6hc37Xy5WhWn9v5rXYKdgM0kvYVTXI84OsCFT1stz+sGeTK0hyHsg==
